
Microsoft Visual Studio Solution File, Format Version 12.00
# Visual Studio 15
VisualStudioVersion = 15.0.35706.147
MinimumVisualStudioVersion = 10.0.40219.1
Project("{8BC9CEB8-8B4A-11D0-8D11-00A0C91BC942}") = "mfc_Circle_Project", "mfc_Circle_Project\mfc_Circle_Project.vcxproj", "{5F599F3F-EC8B-430F-A303-D582530F4943}"
EndProject
Global
	GlobalSection(SolutionConfigurationPlatforms) = preSolution
		Debug|x64 = Debug|x64
		Debug|x86 = Debug|x86
		Release|x64 = Release|x64
		Release|x86 = Release|x86
	EndGlobalSection
	GlobalSection(ProjectConfigurationPlatforms) = postSolution
		{5F599F3F-EC8B-430F-A303-D582530F4943}.Debug|x64.ActiveCfg = Debug|x64
		{5F599F3F-EC8B-430F-A303-D582530F4943}.Debug|x64.Build.0 = Debug|x64
		{5F599F3F-EC8B-430F-A303-D582530F4943}.Debug|x86.ActiveCfg = Debug|Win32
		{5F599F3F-EC8B-430F-A303-D582530F4943}.Debug|x86.Build.0 = Debug|Win32
		{5F599F3F-EC8B-430F-A303-D582530F4943}.Release|x64.ActiveCfg = Release|x64
		{5F599F3F-EC8B-430F-A303-D582530F4943}.Release|x64.Build.0 = Release|x64
		{5F599F3F-EC8B-430F-A303-D582530F4943}.Release|x86.ActiveCfg = Release|Win32
		{5F599F3F-EC8B-430F-A303-D582530F4943}.Release|x86.Build.0 = Release|Win32
	EndGlobalSection
	GlobalSection(SolutionProperties) = preSolution
		HideSolutionNode = FALSE
	EndGlobalSection
	GlobalSection(ExtensibilityGlobals) = postSolution
		SolutionGuid = {F6C4936F-1543-4753-A1C1-655B5BFE9213}
	EndGlobalSection
EndGlobal
